
Microsoft Visual Studio Solution File, Format Version 12.00
# Visual Studio 15
VisualStudioVersion = 15.0.27703.2042
MinimumVisualStudioVersion = 10.0.40219.1
Project("{FAE04EC0-301F-11D3-BF4B-00C04F79EFBC}") = "HelloWorld", "HelloWorld\HelloWorld.csproj", "{8DE866BD-2DE0-4AF5-A4B6-CB2C05AAA721}"
EndProject
Global
	GlobalSection(SolutionConfigurationPlatforms) = preSolution
		Debug|Any CPU = Debug|Any CPU
		Release|Any CPU = Release|Any CPU
	EndGlobalSection
	GlobalSection(ProjectConfigurationPlatforms) = postSolution
		{8DE866BD-2DE0-4AF5-A4B6-CB2C05AAA721}.Debug|Any CPU.ActiveCfg = Debug|Any CPU
		{8DE866BD-2DE0-4AF5-A4B6-CB2C05AAA721}.Debug|Any CPU.Build.0 = Debug|Any CPU
		{8DE866BD-2DE0-4AF5-A4B6-CB2C05AAA721}.Release|Any CPU.ActiveCfg = Release|Any CPU
		{8DE866BD-2DE0-4AF5-A4B6-CB2C05AAA721}.Release|Any CPU.Build.0 = Release|Any CPU
	EndGlobalSection
	GlobalSection(SolutionProperties) = preSolution
		HideSolutionNode = FALSE
	EndGlobalSection
	GlobalSection(ExtensibilityGlobals) = postSolution
		SolutionGuid = {97325B40-7391-484A-8E5C-02337C298A61}
	EndGlobalSection
EndGlobal
